
Microsoft Visual Studio Solution File, Format Version 12.00
# Visual Studio 15
VisualStudioVersion = 15.0.26430.6
MinimumVisualStudioVersion = 10.0.40219.1
Project("{FAE04EC0-301F-11D3-BF4B-00C04F79EFBC}") = "CSharpValidator", ".\CSharpValidator\CSharpValidator.csproj", "{AC6E2869-5AF3-45B7-B28F-D3968056C24B}"
EndProject
Project("{FAE04EC0-301F-11D3-BF4B-00C04F79EFBC}") = "CSharpValidatorTests", ".\CSharpValidatorTests\CSharpValidatorTests.csproj", "{16CDF946-5B7C-421A-8A40-4C29A80C9505}"
EndProject
Global
	GlobalSection(SolutionConfigurationPlatforms) = preSolution
		Debug|Any CPU = Debug|Any CPU
		Release|Any CPU = Release|Any CPU
	EndGlobalSection
	GlobalSection(ProjectConfigurationPlatforms) = postSolution
		{AC6E2869-5AF3-45B7-B28F-D3968056C24B}.Debug|Any CPU.ActiveCfg = Debug|Any CPU
		{AC6E2869-5AF3-45B7-B28F-D3968056C24B}.Debug|Any CPU.Build.0 = Debug|Any CPU
		{AC6E2869-5AF3-45B7-B28F-D3968056C24B}.Release|Any CPU.ActiveCfg = Release|Any CPU
		{AC6E2869-5AF3-45B7-B28F-D3968056C24B}.Release|Any CPU.Build.0 = Release|Any CPU
		{16CDF946-5B7C-421A-8A40-4C29A80C9505}.Debug|Any CPU.ActiveCfg = Debug|Any CPU
		{16CDF946-5B7C-421A-8A40-4C29A80C9505}.Debug|Any CPU.Build.0 = Debug|Any CPU
		{16CDF946-5B7C-421A-8A40-4C29A80C9505}.Release|Any CPU.ActiveCfg = Release|Any CPU
		{16CDF946-5B7C-421A-8A40-4C29A80C9505}.Release|Any CPU.Build.0 = Release|Any CPU
	EndGlobalSection
	GlobalSection(SolutionProperties) = preSolution
		HideSolutionNode = FALSE
	EndGlobalSection
EndGlobal
